
Microsoft Visual Studio Solution File, Format Version 12.00
# Visual Studio Version 16
VisualStudioVersion = 16.0.31410.357
MinimumVisualStudioVersion = 10.0.40219.1
Project("{9A19103F-16F7-4668-BE54-9A1E7A4F7556}") = "GenerateString", "GenerateString\GenerateString.csproj", "{42D60E9F-FE5D-4775-B421-9E70FB2D5AF0}"
EndProject
Project("{54435603-DBB4-11D2-8724-00A0C9A8B90C}") = "Setup", "Setup\Setup.vdproj", "{F6EC1D41-6672-4A31-85EB-FAB85773DD9F}"
EndProject
Global
	GlobalSection(SolutionConfigurationPlatforms) = preSolution
		Debug|Any CPU = Debug|Any CPU
		Release|Any CPU = Release|Any CPU
	EndGlobalSection
	GlobalSection(ProjectConfigurationPlatforms) = postSolution
		{42D60E9F-FE5D-4775-B421-9E70FB2D5AF0}.Debug|Any CPU.ActiveCfg = Debug|Any CPU
		{42D60E9F-FE5D-4775-B421-9E70FB2D5AF0}.Debug|Any CPU.Build.0 = Debug|Any CPU
		{42D60E9F-FE5D-4775-B421-9E70FB2D5AF0}.Release|Any CPU.ActiveCfg = Release|Any CPU
		{42D60E9F-FE5D-4775-B421-9E70FB2D5AF0}.Release|Any CPU.Build.0 = Release|Any CPU
		{F6EC1D41-6672-4A31-85EB-FAB85773DD9F}.Debug|Any CPU.ActiveCfg = Debug
		{F6EC1D41-6672-4A31-85EB-FAB85773DD9F}.Release|Any CPU.ActiveCfg = Release
	EndGlobalSection
	GlobalSection(SolutionProperties) = preSolution
		HideSolutionNode = FALSE
	EndGlobalSection
	GlobalSection(ExtensibilityGlobals) = postSolution
		SolutionGuid = {F149A803-1CC3-4CF0-BFBB-79EB41BE12CD}
	EndGlobalSection
EndGlobal
